
Microsoft Visual Studio Solution File, Format Version 12.00
# Visual Studio Version 17
VisualStudioVersion = 17.14.36414.22 d17.14
MinimumVisualStudioVersion = 10.0.40219.1
Project("{FAE04EC0-301F-11D3-BF4B-00C04F79EFBC}") = "winx_text_form", "winx_text_form.csproj", "{EFDC4782-2B78-4C1F-BBF5-BB7B2E9520BB}"
EndProject
Global
	GlobalSection(SolutionConfigurationPlatforms) = preSolution
		Debug|Any CPU = Debug|Any CPU
		Release|Any CPU = Release|Any CPU
	EndGlobalSection
	GlobalSection(ProjectConfigurationPlatforms) = postSolution
		{EFDC4782-2B78-4C1F-BBF5-BB7B2E9520BB}.Debug|Any CPU.ActiveCfg = Debug|Any CPU
		{EFDC4782-2B78-4C1F-BBF5-BB7B2E9520BB}.Debug|Any CPU.Build.0 = Debug|Any CPU
		{EFDC4782-2B78-4C1F-BBF5-BB7B2E9520BB}.Release|Any CPU.ActiveCfg = Release|Any CPU
		{EFDC4782-2B78-4C1F-BBF5-BB7B2E9520BB}.Release|Any CPU.Build.0 = Release|Any CPU
	EndGlobalSection
	GlobalSection(SolutionProperties) = preSolution
		HideSolutionNode = FALSE
	EndGlobalSection
	GlobalSection(ExtensibilityGlobals) = postSolution
		SolutionGuid = {223EBC7E-EBB9-43D6-A66A-071799EE590C}
	EndGlobalSection
EndGlobal
